// !$*UTF8*$!
{
	archiveVersion = 1;
	classes = {
	};
	objectVersion = 46;
	objects = {

/* Begin PBXBuildFile section */
		0499592689EBEB8DD606BC94 /* libPods-JSZExample.a in Frameworks */ = {isa = PBXBuildFile; fileRef = 8A9F8F6C9399AC65DD031CD7 /* libPods-JSZExample.a */; };
		CF1A8A5F1E5ED3E0001DC6F0 /* main.m in Sources */ = {isa = PBXBuildFile; fileRef = CF1A8A5E1E5ED3E0001DC6F0 /* main.m */; };
		CF1A8A621E5ED3E0001DC6F0 /* AppDelegate.m in Sources */ = {isa = PBXBuildFile; fileRef = CF1A8A611E5ED3E0001DC6F0 /* AppDelegate.m */; };
		CF1A8A651E5ED3E0001DC6F0 /* ViewController.m in Sources */ = {isa = PBXBuildFile; fileRef = CF1A8A641E5ED3E0001DC6F0 /* ViewController.m */; };
		CF1A8A681E5ED3E0001DC6F0 /* Main.storyboard in Resources */ = {isa = PBXBuildFile; fileRef = CF1A8A661E5ED3E0001DC6F0 /* Main.storyboard */; };
		CF1A8A6A1E5ED3E0001DC6F0 /* Assets.xcassets in Resources */ = {isa = PBXBuildFile; fileRef = CF1A8A691E5ED3E0001DC6F0 /* Assets.xcassets */; };
		CF1A8A6D1E5ED3E0001DC6F0 /* LaunchScreen.storyboard in Resources */ = {isa = PBXBuildFile; fileRef = CF1A8A6B1E5ED3E0001DC6F0 /* LaunchScreen.storyboard */; };
		CF1A8A7B1E5ED79B001DC6F0 /* JSZTableViewCell.m in Sources */ = {isa = PBXBuildFile; fileRef = CF1A8A7A1E5ED79B001DC6F0 /* JSZTableViewCell.m */; };
		CF1A8A7E1E5ED7B0001DC6F0 /* JSZModel.m in Sources */ = {isa = PBXBuildFile; fileRef = CF1A8A7D1E5ED7B0001DC6F0 /* JSZModel.m */; };
		CF1A8A821E5EDB02001DC6F0 /* UIColor+HexRGB.m in Sources */ = {isa = PBXBuildFile; fileRef = CF1A8A811E5EDB02001DC6F0 /* UIColor+HexRGB.m */; };
		CF1A8A871E5EDCEA001DC6F0 /* JNJProgressButton.m in Sources */ = {isa = PBXBuildFile; fileRef = CF1A8A861E5EDCEA001DC6F0 /* JNJProgressButton.m */; };
		CF1A8A8B1E5EE2EB001DC6F0 /* BackgroundSessionManager.m in Sources */ = {isa = PBXBuildFile; fileRef = CF1A8A8A1E5EE2EB001DC6F0 /* BackgroundSessionManager.m */; };
/* End PBXBuildFile section */

/* Begin PBXFileReference section */
		66471406D192F7DFA6B12D4E /* Pods-JSZExample.debug.xcconfig */ = {isa = PBXFileReference; includeInIndex = 1; lastKnownFileType = text.xcconfig; name = "Pods-JSZExample.debug.xcconfig"; path = "Pods/Target Support Files/Pods-JSZExample/Pods-JSZExample.debug.xcconfig"; sourceTree = "<group>"; };
		8A9F8F6C9399AC65DD031CD7 /* libPods-JSZExample.a */ = {isa = PBXFileReference; explicitFileType = archive.ar; includeInIndex = 0; path = "libPods-JSZExample.a"; sourceTree = BUILT_PRODUCTS_DIR; };
		B8E46242DB84325D180FB084 /* Pods-JSZExample.release.xcconfig */ = {isa = PBXFileReference; includeInIndex = 1; lastKnownFileType = text.xcconfig; name = "Pods-JSZExample.release.xcconfig"; path = "Pods/Target Support Files/Pods-JSZExample/Pods-JSZExample.release.xcconfig"; sourceTree = "<group>"; };
		CF1A8A5A1E5ED3E0001DC6F0 /* JSZExample.app */ = {isa = PBXFileReference; explicitFileType = wrapper.application; includeInIndex = 0; path = JSZExample.app; sourceTree = BUILT_PRODUCTS_DIR; };
		CF1A8A5E1E5ED3E0001DC6F0 /* main.m */ = {isa = PBXFileReference; lastKnownFileType = sourcecode.c.objc; path = main.m; sourceTree = "<group>"; };
		CF1A8A601E5ED3E0001DC6F0 /* AppDelegate.h */ = {isa = PBXFileReference; lastKnownFileType = sourcecode.c.h; path = AppDelegate.h; sourceTree = "<group>"; };
		CF1A8A611E5ED3E0001DC6F0 /* AppDelegate.m */ = {isa = PBXFileReference; lastKnownFileType = sourcecode.c.objc; path = AppDelegate.m; sourceTree = "<group>"; };
		CF1A8A631E5ED3E0001DC6F0 /* ViewController.h */ = {isa = PBXFileReference; lastKnownFileType = sourcecode.c.h; path = ViewController.h; sourceTree = "<group>"; };
		CF1A8A641E5ED3E0001DC6F0 /* ViewController.m */ = {isa = PBXFileReference; lastKnownFileType = sourcecode.c.objc; path = ViewController.m; sourceTree = "<group>"; };
		CF1A8A671E5ED3E0001DC6F0 /* Base */ = {isa = PBXFileReference; lastKnownFileType = file.storyboard; name = Base; path = Base.lproj/Main.storyboard; sourceTree = "<group>"; };
		CF1A8A691E5ED3E0001DC6F0 /* Assets.xcassets */ = {isa = PBXFileReference; lastKnownFileType = folder.assetcatalog; path = Assets.xcassets; sourceTree = "<group>"; };
		CF1A8A6C1E5ED3E0001DC6F0 /* Base */ = {isa = PBXFileReference; lastKnownFileType = file.storyboard; name = Base; path = Base.lproj/LaunchScreen.storyboard; sourceTree = "<group>"; };
		CF1A8A6E1E5ED3E0001DC6F0 /* Info.plist */ = {isa = PBXFileReference; lastKnownFileType = text.plist.xml; path = Info.plist; sourceTree = "<group>"; };
		CF1A8A791E5ED79B001DC6F0 /* JSZTableViewCell.h */ = {isa = PBXFileReference; fileEncoding = 4; lastKnownFileType = sourcecode.c.h; path = JSZTableViewCell.h; sourceTree = "<group>"; };
		CF1A8A7A1E5ED79B001DC6F0 /* JSZTableViewCell.m */ = {isa = PBXFileReference; fileEncoding = 4; lastKnownFileType = sourcecode.c.objc; path = JSZTableViewCell.m; sourceTree = "<group>"; };
		CF1A8A7C1E5ED7B0001DC6F0 /* JSZModel.h */ = {isa = PBXFileReference; fileEncoding = 4; lastKnownFileType = sourcecode.c.h; path = JSZModel.h; sourceTree = "<group>"; };
		CF1A8A7D1E5ED7B0001DC6F0 /* JSZModel.m */ = {isa = PBXFileReference; fileEncoding = 4; lastKnownFileType = sourcecode.c.objc; path = JSZModel.m; sourceTree = "<group>"; };
		CF1A8A801E5EDB02001DC6F0 /* UIColor+HexRGB.h */ = {isa = PBXFileReference; fileEncoding = 4; lastKnownFileType = sourcecode.c.h; path = "UIColor+HexRGB.h"; sourceTree = "<group>"; };
		CF1A8A811E5EDB02001DC6F0 /* UIColor+HexRGB.m */ = {isa = PBXFileReference; fileEncoding = 4; lastKnownFileType = sourcecode.c.objc; path = "UIColor+HexRGB.m"; sourceTree = "<group>"; };
		CF1A8A851E5EDCEA001DC6F0 /* JNJProgressButton.h */ = {isa = PBXFileReference; fileEncoding = 4; lastKnownFileType = sourcecode.c.h; path = JNJProgressButton.h; sourceTree = "<group>"; };
		CF1A8A861E5EDCEA001DC6F0 /* JNJProgressButton.m */ = {isa = PBXFileReference; fileEncoding = 4; lastKnownFileType = sourcecode.c.objc; path = JNJProgressButton.m; sourceTree = "<group>"; };
		CF1A8A891E5EE2EB001DC6F0 /* BackgroundSessionManager.h */ = {isa = PBXFileReference; fileEncoding = 4; lastKnownFileType = sourcecode.c.h; path = BackgroundSessionManager.h; sourceTree = "<group>"; };
		CF1A8A8A1E5EE2EB001DC6F0 /* BackgroundSessionManager.m */ = {isa = PBXFileReference; fileEncoding = 4; lastKnownFileType = sourcecode.c.objc; path = BackgroundSessionManager.m; sourceTree = "<group>"; };
/* End PBXFileReference section */

/* Begin PBXFrameworksBuildPhase section */
		CF1A8A571E5ED3E0001DC6F0 /* Frameworks */ = {
			isa = PBXFrameworksBuildPhase;
			buildActionMask = 2147483647;
			files = (
				0499592689EBEB8DD606BC94 /* libPods-JSZExample.a in Frameworks */,
			);
			runOnlyForDeploymentPostprocessing = 0;
		};
/* End PBXFrameworksBuildPhase section */

/* Begin PBXGroup section */
		626151E79759AD2D61F86297 /* Pods */ = {
			isa = PBXGroup;
			children = (
				66471406D192F7DFA6B12D4E /* Pods-JSZExample.debug.xcconfig */,
				B8E46242DB84325D180FB084 /* Pods-JSZExample.release.xcconfig */,
			);
			name = Pods;
			sourceTree = "<group>";
		};
		CF1A8A511E5ED3E0001DC6F0 = {
			isa = PBXGroup;
			children = (
				CF1A8A5C1E5ED3E0001DC6F0 /* JSZExample */,
				CF1A8A5B1E5ED3E0001DC6F0 /* Products */,
				626151E79759AD2D61F86297 /* Pods */,
				F1E0769214D0B752A68897BD /* Frameworks */,
			);
			sourceTree = "<group>";
		};
		CF1A8A5B1E5ED3E0001DC6F0 /* Products */ = {
			isa = PBXGroup;
			children = (
				CF1A8A5A1E5ED3E0001DC6F0 /* JSZExample.app */,
			);
			name = Products;
			sourceTree = "<group>";
		};
		CF1A8A5C1E5ED3E0001DC6F0 /* JSZExample */ = {
			isa = PBXGroup;
			children = (
				CF1A8A881E5EE2B6001DC6F0 /* Manager */,
				CF1A8A7F1E5EDAFA001DC6F0 /* Extensiones */,
				CF1A8A781E5ED6EC001DC6F0 /* StoryBoard */,
				CF1A8A771E5ED6E1001DC6F0 /* AppDelegate */,
				CF1A8A761E5ED6CE001DC6F0 /* Views */,
				CF1A8A751E5ED6C7001DC6F0 /* ViewContolers */,
				CF1A8A741E5ED6C1001DC6F0 /* Models */,
				CF1A8A691E5ED3E0001DC6F0 /* Assets.xcassets */,
				CF1A8A6E1E5ED3E0001DC6F0 /* Info.plist */,
				CF1A8A5D1E5ED3E0001DC6F0 /* Supporting Files */,
			);
			path = JSZExample;
			sourceTree = "<group>";
		};
		CF1A8A5D1E5ED3E0001DC6F0 /* Supporting Files */ = {
			isa = PBXGroup;
			children = (
				CF1A8A5E1E5ED3E0001DC6F0 /* main.m */,
			);
			name = "Supporting Files";
			sourceTree = "<group>";
		};
		CF1A8A741E5ED6C1001DC6F0 /* Models */ = {
			isa = PBXGroup;
			children = (
				CF1A8A7C1E5ED7B0001DC6F0 /* JSZModel.h */,
				CF1A8A7D1E5ED7B0001DC6F0 /* JSZModel.m */,
			);
			name = Models;
			sourceTree = "<group>";
		};
		CF1A8A751E5ED6C7001DC6F0 /* ViewContolers */ = {
			isa = PBXGroup;
			children = (
				CF1A8A631E5ED3E0001DC6F0 /* ViewController.h */,
				CF1A8A641E5ED3E0001DC6F0 /* ViewController.m */,
			);
			name = ViewContolers;
			sourceTree = "<group>";
		};
		CF1A8A761E5ED6CE001DC6F0 /* Views */ = {
			isa = PBXGroup;
			children = (
				CF1A8A841E5EDCDA001DC6F0 /* JSZTableViewCell */,
				CF1A8A831E5EDCD0001DC6F0 /* ProgressButton */,
			);
			name = Views;
			sourceTree = "<group>";
		};
		CF1A8A771E5ED6E1001DC6F0 /* AppDelegate */ = {
			isa = PBXGroup;
			children = (
				CF1A8A601E5ED3E0001DC6F0 /* AppDelegate.h */,
				CF1A8A611E5ED3E0001DC6F0 /* AppDelegate.m */,
			);
			name = AppDelegate;
			sourceTree = "<group>";
		};
		CF1A8A781E5ED6EC001DC6F0 /* StoryBoard */ = {
			isa = PBXGroup;
			children = (
				CF1A8A661E5ED3E0001DC6F0 /* Main.storyboard */,
				CF1A8A6B1E5ED3E0001DC6F0 /* LaunchScreen.storyboard */,
			);
			name = StoryBoard;
			sourceTree = "<group>";
		};
		CF1A8A7F1E5EDAFA001DC6F0 /* Extensiones */ = {
			isa = PBXGroup;
			children = (
				CF1A8A801E5EDB02001DC6F0 /* UIColor+HexRGB.h */,
				CF1A8A811E5EDB02001DC6F0 /* UIColor+HexRGB.m */,
			);
			name = Extensiones;
			sourceTree = "<group>";
		};
		CF1A8A831E5EDCD0001DC6F0 /* ProgressButton */ = {
			isa = PBXGroup;
			children = (
				CF1A8A851E5EDCEA001DC6F0 /* JNJProgressButton.h */,
				CF1A8A861E5EDCEA001DC6F0 /* JNJProgressButton.m */,
			);
			name = ProgressButton;
			sourceTree = "<group>";
		};
		CF1A8A841E5EDCDA001DC6F0 /* JSZTableViewCell */ = {
			isa = PBXGroup;
			children = (
				CF1A8A791E5ED79B001DC6F0 /* JSZTableViewCell.h */,
				CF1A8A7A1E5ED79B001DC6F0 /* JSZTableViewCell.m */,
			);
			name = JSZTableViewCell;
			sourceTree = "<group>";
		};
		CF1A8A881E5EE2B6001DC6F0 /* Manager */ = {
			isa = PBXGroup;
			children = (
				CF1A8A891E5EE2EB001DC6F0 /* BackgroundSessionManager.h */,
				CF1A8A8A1E5EE2EB001DC6F0 /* BackgroundSessionManager.m */,
			);
			name = Manager;
			sourceTree = "<group>";
		};
		F1E0769214D0B752A68897BD /* Frameworks */ = {
			isa = PBXGroup;
			children = (
				8A9F8F6C9399AC65DD031CD7 /* libPods-JSZExample.a */,
			);
			name = Frameworks;
			sourceTree = "<group>";
		};
/* End PBXGroup section */

/* Begin PBXNativeTarget section */
		CF1A8A591E5ED3E0001DC6F0 /* JSZExample */ = {
			isa = PBXNativeTarget;
			buildConfigurationList = CF1A8A711E5ED3E0001DC6F0 /* Build configuration list for PBXNativeTarget "JSZExample" */;
			buildPhases = (
				B0F142401A39CFC4AC9AA1F7 /* [CP] Check Pods Manifest.lock */,
				CF1A8A561E5ED3E0001DC6F0 /* Sources */,
				CF1A8A571E5ED3E0001DC6F0 /* Frameworks */,
				CF1A8A581E5ED3E0001DC6F0 /* Resources */,
				DAC8AF9B6CFFDE516D2CDD4E /* [CP] Embed Pods Frameworks */,
				01497767873E5E1137224C03 /* [CP] Copy Pods Resources */,
			);
			buildRules = (
			);
			dependencies = (
			);
			name = JSZExample;
			productName = JSZExample;
			productReference = CF1A8A5A1E5ED3E0001DC6F0 /* JSZExample.app */;
			productType = "com.apple.product-type.application";
		};
/* End PBXNativeTarget section */

/* Begin PBXProject section */
		CF1A8A521E5ED3E0001DC6F0 /* Project object */ = {
			isa = PBXProject;
			attributes = {
				LastUpgradeCheck = 0810;
				ORGANIZATIONNAME = JSZ;
				TargetAttributes = {
					CF1A8A591E5ED3E0001DC6F0 = {
						CreatedOnToolsVersion = 8.1;
						ProvisioningStyle = Automatic;
					};
				};
			};
			buildConfigurationList = CF1A8A551E5ED3E0001DC6F0 /* Build configuration list for PBXProject "JSZExample" */;
			compatibilityVersion = "Xcode 3.2";
			developmentRegion = English;
			hasScannedForEncodings = 0;
			knownRegions = (
				en,
				Base,
			);
			mainGroup = CF1A8A511E5ED3E0001DC6F0;
			productRefGroup = CF1A8A5B1E5ED3E0001DC6F0 /* Products */;
			projectDirPath = "";
			projectRoot = "";
			targets = (
				CF1A8A591E5ED3E0001DC6F0 /* JSZExample */,
			);
		};
/* End PBXProject section */

/* Begin PBXResourcesBuildPhase section */
		CF1A8A581E5ED3E0001DC6F0 /* Resources */ = {
			isa = PBXResourcesBuildPhase;
			buildActionMask = 2147483647;
			files = (
				CF1A8A6D1E5ED3E0001DC6F0 /* LaunchScreen.storyboard in Resources */,
				CF1A8A6A1E5ED3E0001DC6F0 /* Assets.xcassets in Resources */,
				CF1A8A681E5ED3E0001DC6F0 /* Main.storyboard in Resources */,
			);
			runOnlyForDeploymentPostprocessing = 0;
		};
/* End PBXResourcesBuildPhase section */

/* Begin PBXShellScriptBuildPhase section */
		01497767873E5E1137224C03 /* [CP] Copy Pods Resources */ = {
			isa = PBXShellScriptBuildPhase;
			buildActionMask = 2147483647;
			files = (
			);
			inputPaths = (
			);
			name = "[CP] Copy Pods Resources";
			outputPaths = (
			);
			runOnlyForDeploymentPostprocessing = 0;
			shellPath = /bin/sh;
			shellScript = "\"${SRCROOT}/Pods/Target Support Files/Pods-JSZExample/Pods-JSZExample-resources.sh\"\n";
			showEnvVarsInLog = 0;
		};
		B0F142401A39CFC4AC9AA1F7 /* [CP] Check Pods Manifest.lock */ = {
			isa = PBXShellScriptBuildPhase;
			buildActionMask = 2147483647;
			files = (
			);
			inputPaths = (
			);
			name = "[CP] Check Pods Manifest.lock";
			outputPaths = (
			);
			runOnlyForDeploymentPostprocessing = 0;
			shellPath = /bin/sh;
			shellScript = "diff \"${PODS_ROOT}/../Podfile.lock\" \"${PODS_ROOT}/Manifest.lock\" > /dev/null\nif [ $? != 0 ] ; then\n    # print error to STDERR\n    echo \"error: The sandbox is not in sync with the Podfile.lock. Run 'pod install' or update your CocoaPods installation.\" >&2\n    exit 1\nfi\n";
			showEnvVarsInLog = 0;
		};
		DAC8AF9B6CFFDE516D2CDD4E /* [CP] Embed Pods Frameworks */ = {
			isa = PBXShellScriptBuildPhase;
			buildActionMask = 2147483647;
			files = (
			);
			inputPaths = (
			);
			name = "[CP] Embed Pods Frameworks";
			outputPaths = (
			);
			runOnlyForDeploymentPostprocessing = 0;
			shellPath = /bin/sh;
			shellScript = "\"${SRCROOT}/Pods/Target Support Files/Pods-JSZExample/Pods-JSZExample-frameworks.sh\"\n";
			showEnvVarsInLog = 0;
		};
/* End PBXShellScriptBuildPhase section */

/* Begin PBXSourcesBuildPhase section */
		CF1A8A561E5ED3E0001DC6F0 /* Sources */ = {
			isa = PBXSourcesBuildPhase;
			buildActionMask = 2147483647;
			files = (
				CF1A8A7E1E5ED7B0001DC6F0 /* JSZModel.m in Sources */,
				CF1A8A651E5ED3E0001DC6F0 /* ViewController.m in Sources */,
				CF1A8A621E5ED3E0001DC6F0 /* AppDelegate.m in Sources */,
				CF1A8A5F1E5ED3E0001DC6F0 /* main.m in Sources */,
				CF1A8A8B1E5EE2EB001DC6F0 /* BackgroundSessionManager.m in Sources */,
				CF1A8A7B1E5ED79B001DC6F0 /* JSZTableViewCell.m in Sources */,
				CF1A8A871E5EDCEA001DC6F0 /* JNJProgressButton.m in Sources */,
				CF1A8A821E5EDB02001DC6F0 /* UIColor+HexRGB.m in Sources */,
			);
			runOnlyForDeploymentPostprocessing = 0;
		};
/* End PBXSourcesBuildPhase section */

/* Begin PBXVariantGroup section */
		CF1A8A661E5ED3E0001DC6F0 /* Main.storyboard */ = {
			isa = PBXVariantGroup;
			children = (
				CF1A8A671E5ED3E0001DC6F0 /* Base */,
			);
			name = Main.storyboard;
			sourceTree = "<group>";
		};
		CF1A8A6B1E5ED3E0001DC6F0 /* LaunchScreen.storyboard */ = {
			isa = PBXVariantGroup;
			children = (
				CF1A8A6C1E5ED3E0001DC6F0 /* Base */,
			);
			name = LaunchScreen.storyboard;
			sourceTree = "<group>";
		};
/* End PBXVariantGroup section */

/* Begin XCBuildConfiguration section */
		CF1A8A6F1E5ED3E0001DC6F0 /* Debug */ = {
			isa = XCBuildConfiguration;
			buildSettings = {
				ALWAYS_SEARCH_USER_PATHS = NO;
				CLANG_ANALYZER_NONNULL = YES;
				CLANG_CXX_LANGUAGE_STANDARD = "gnu++0x";
				CLANG_CXX_LIBRARY = "libc++";
				CLANG_ENABLE_MODULES = YES;
				CLANG_ENABLE_OBJC_ARC = YES;
				CLANG_WARN_BOOL_CONVERSION = YES;
				CLANG_WARN_CONSTANT_CONVERSION = YES;
				CLANG_WARN_DIRECT_OBJC_ISA_USAGE = YES_ERROR;
				CLANG_WARN_DOCUMENTATION_COMMENTS = YES;
				CLANG_WARN_EMPTY_BODY = YES;
				CLANG_WARN_ENUM_CONVERSION = YES;
				CLANG_WARN_INFINITE_RECURSION = YES;
				CLANG_WARN_INT_CONVERSION = YES;
				CLANG_WARN_OBJC_ROOT_CLASS = YES_ERROR;
				CLANG_WARN_SUSPICIOUS_MOVES = YES;
				CLANG_WARN_UNREACHABLE_CODE = YES;
				CLANG_WARN__DUPLICATE_METHOD_MATCH = YES;
				"CODE_SIGN_IDENTITY[sdk=iphoneos*]" = "iPhone Developer";
				COPY_PHASE_STRIP = NO;
				DEBUG_INFORMATION_FORMAT = dwarf;
				ENABLE_STRICT_OBJC_MSGSEND = YES;
				ENABLE_TESTABILITY = YES;
				GCC_C_LANGUAGE_STANDARD = gnu99;
				GCC_DYNAMIC_NO_PIC = NO;
				GCC_NO_COMMON_BLOCKS = YES;
				GCC_OPTIMIZATION_LEVEL = 0;
				GCC_PREPROCESSOR_DEFINITIONS = (
					"DEBUG=1",
					"$(inherited)",
				);
				GCC_WARN_64_TO_32_BIT_CONVERSION = YES;
				GCC_WARN_ABOUT_RETURN_TYPE = YES_ERROR;
				GCC_WARN_UNDECLARED_SELECTOR = YES;
				GCC_WARN_UNINITIALIZED_AUTOS = YES_AGGRESSIVE;
				GCC_WARN_UNUSED_FUNCTION = YES;
				GCC_WARN_UNUSED_VARIABLE = YES;
				IPHONEOS_DEPLOYMENT_TARGET = 10.1;
				MTL_ENABLE_DEBUG_INFO = YES;
				ONLY_ACTIVE_ARCH = YES;
				SDKROOT = iphoneos;
				TARGETED_DEVICE_FAMILY = "1,2";
			};
			name = Debug;
		};
		CF1A8A701E5ED3E0001DC6F0 /* Release */ = {
			isa = XCBuildConfiguration;
			buildSettings = {
				ALWAYS_SEARCH_USER_PATHS = NO;
				CLANG_ANALYZER_NONNULL = YES;
				CLANG_CXX_LANGUAGE_STANDARD = "gnu++0x";
				CLANG_CXX_LIBRARY = "libc++";
				CLANG_ENABLE_MODULES = YES;
				CLANG_ENABLE_OBJC_ARC = YES;
				CLANG_WARN_BOOL_CONVERSION = YES;
				CLANG_WARN_CONSTANT_CONVERSION = YES;
				CLANG_WARN_DIRECT_OBJC_ISA_USAGE = YES_ERROR;
				CLANG_WARN_DOCUMENTATION_COMMENTS = YES;
				CLANG_WARN_EMPTY_BODY = YES;
				CLANG_WARN_ENUM_CONVERSION = YES;
				CLANG_WARN_INFINITE_RECURSION = YES;
				CLANG_WARN_INT_CONVERSION = YES;
				CLANG_WARN_OBJC_ROOT_CLASS = YES_ERROR;
				CLANG_WARN_SUSPICIOUS_MOVES = YES;
				CLANG_WARN_UNREACHABLE_CODE = YES;
				CLANG_WARN__DUPLICATE_METHOD_MATCH = YES;
				"CODE_SIGN_IDENTITY[sdk=iphoneos*]" = "iPhone Developer";
				COPY_PHASE_STRIP = NO;
				DEBUG_INFORMATION_FORMAT = "dwarf-with-dsym";
				ENABLE_NS_ASSERTIONS = NO;
				ENABLE_STRICT_OBJC_MSGSEND = YES;
				GCC_C_LANGUAGE_STANDARD = gnu99;
				GCC_NO_COMMON_BLOCKS = YES;
				GCC_WARN_64_TO_32_BIT_CONVERSION = YES;
				GCC_WARN_ABOUT_RETURN_TYPE = YES_ERROR;
				GCC_WARN_UNDECLARED_SELECTOR = YES;
				GCC_WARN_UNINITIALIZED_AUTOS = YES_AGGRESSIVE;
				GCC_WARN_UNUSED_FUNCTION = YES;
				GCC_WARN_UNUSED_VARIABLE = YES;
				IPHONEOS_DEPLOYMENT_TARGET = 10.1;
				MTL_ENABLE_DEBUG_INFO = NO;
				SDKROOT = iphoneos;
				TARGETED_DEVICE_FAMILY = "1,2";
				VALIDATE_PRODUCT = YES;
			};
			name = Release;
		};
		CF1A8A721E5ED3E0001DC6F0 /* Debug */ = {
			isa = XCBuildConfiguration;
			baseConfigurationReference = 66471406D192F7DFA6B12D4E /* Pods-JSZExample.debug.xcconfig */;
			buildSettings = {
				ASSETCATALOG_COMPILER_APPICON_NAME = AppIcon;
				INFOPLIST_FILE = JSZExample/Info.plist;
				LD_RUNPATH_SEARCH_PATHS = "$(inherited) @executable_path/Frameworks";
				PRODUCT_BUNDLE_IDENTIFIER = com.jsz.example.JSZExample;
				PRODUCT_NAME = "$(TARGET_NAME)";
			};
			name = Debug;
		};
		CF1A8A731E5ED3E0001DC6F0 /* Release */ = {
			isa = XCBuildConfiguration;
			baseConfigurationReference = B8E46242DB84325D180FB084 /* Pods-JSZExample.release.xcconfig */;
			buildSettings = {
				ASSETCATALOG_COMPILER_APPICON_NAME = AppIcon;
				INFOPLIST_FILE = JSZExample/Info.plist;
				LD_RUNPATH_SEARCH_PATHS = "$(inherited) @executable_path/Frameworks";
				PRODUCT_BUNDLE_IDENTIFIER = com.jsz.example.JSZExample;
				PRODUCT_NAME = "$(TARGET_NAME)";
			};
			name = Release;
		};
/* End XCBuildConfiguration section */

/* Begin XCConfigurationList section */
		CF1A8A551E5ED3E0001DC6F0 /* Build configuration list for PBXProject "JSZExample" */ = {
			isa = XCConfigurationList;
			buildConfigurations = (
				CF1A8A6F1E5ED3E0001DC6F0 /* Debug */,
				CF1A8A701E5ED3E0001DC6F0 /* Release */,
			);
			defaultConfigurationIsVisible = 0;
			defaultConfigurationName = Release;
		};
		CF1A8A711E5ED3E0001DC6F0 /* Build configuration list for PBXNativeTarget "JSZExample" */ = {
			isa = XCConfigurationList;
			buildConfigurations = (
				CF1A8A721E5ED3E0001DC6F0 /* Debug */,
				CF1A8A731E5ED3E0001DC6F0 /* Release */,
			);
			defaultConfigurationIsVisible = 0;
			defaultConfigurationName = Release;
		};
/* End XCConfigurationList section */
	};
	rootObject = CF1A8A521E5ED3E0001DC6F0 /* Project object */;
}
